
Microsoft Visual Studio Solution File, Format Version 12.00
# Visual Studio Version 17
VisualStudioVersion = 17.0.31903.59
MinimumVisualStudioVersion = 10.0.40219.1
Project("{2150E333-8FDC-42A3-9474-1A3956D46DE8}") = "src", "src", "{827E0CD3-B72D-47B6-A68D-7590B98EB39B}"
EndProject
Project("{FAE04EC0-301F-11D3-BF4B-00C04F79EFBC}") = "SupportAssistant.Core", "src\SupportAssistant.Core\SupportAssistant.Core.csproj", "{BA48FA49-FD8D-4691-AEFB-85C758075FE1}"
EndProject
Project("{FAE04EC0-301F-11D3-BF4B-00C04F79EFBC}") = "SupportAssistant.App", "src\SupportAssistant.App\SupportAssistant.App.csproj", "{57516E4F-C7AF-4E94-98AC-3E8AB283FA27}"
EndProject
Project("{FAE04EC0-301F-11D3-BF4B-00C04F79EFBC}") = "SupportAssistant.UI", "src\SupportAssistant.UI\SupportAssistant.UI.csproj", "{5B69CEA4-E47A-4A8E-8617-C566BAC7BD72}"
EndProject
Project("{FAE04EC0-301F-11D3-BF4B-00C04F79EFBC}") = "SupportAssistant.AI", "src\SupportAssistant.AI\SupportAssistant.AI.csproj", "{AE2D828F-B489-4D9D-A325-D7619C2FD8E1}"
EndProject
Project("{FAE04EC0-301F-11D3-BF4B-00C04F79EFBC}") = "SupportAssistant.Retrieval", "src\SupportAssistant.Retrieval\SupportAssistant.Retrieval.csproj", "{9642EB14-85B3-4B16-85DA-0356A450A556}"
EndProject
Project("{FAE04EC0-301F-11D3-BF4B-00C04F79EFBC}") = "SupportAssistant.Tools", "src\SupportAssistant.Tools\SupportAssistant.Tools.csproj", "{C449A029-6C5E-4E71-A929-799AFC10DF6F}"
EndProject
Project("{FAE04EC0-301F-11D3-BF4B-00C04F79EFBC}") = "SupportAssistant.Storage", "src\SupportAssistant.Storage\SupportAssistant.Storage.csproj", "{6E2E31D0-CBEA-48E9-9288-2F1E6E215537}"
EndProject
Global
	GlobalSection(SolutionConfigurationPlatforms) = preSolution
		Debug|Any CPU = Debug|Any CPU
		Debug|x64 = Debug|x64
		Debug|x86 = Debug|x86
		Release|Any CPU = Release|Any CPU
		Release|x64 = Release|x64
		Release|x86 = Release|x86
	EndGlobalSection
	GlobalSection(ProjectConfigurationPlatforms) = postSolution
		{BA48FA49-FD8D-4691-AEFB-85C758075FE1}.Debug|Any CPU.ActiveCfg = Debug|Any CPU
		{BA48FA49-FD8D-4691-AEFB-85C758075FE1}.Debug|Any CPU.Build.0 = Debug|Any CPU
		{BA48FA49-FD8D-4691-AEFB-85C758075FE1}.Debug|x64.ActiveCfg = Debug|Any CPU
		{BA48FA49-FD8D-4691-AEFB-85C758075FE1}.Debug|x64.Build.0 = Debug|Any CPU
		{BA48FA49-FD8D-4691-AEFB-85C758075FE1}.Debug|x86.ActiveCfg = Debug|Any CPU
		{BA48FA49-FD8D-4691-AEFB-85C758075FE1}.Debug|x86.Build.0 = Debug|Any CPU
		{BA48FA49-FD8D-4691-AEFB-85C758075FE1}.Release|Any CPU.ActiveCfg = Release|Any CPU
		{BA48FA49-FD8D-4691-AEFB-85C758075FE1}.Release|Any CPU.Build.0 = Release|Any CPU
		{BA48FA49-FD8D-4691-AEFB-85C758075FE1}.Release|x64.ActiveCfg = Release|Any CPU
		{BA48FA49-FD8D-4691-AEFB-85C758075FE1}.Release|x64.Build.0 = Release|Any CPU
		{BA48FA49-FD8D-4691-AEFB-85C758075FE1}.Release|x86.ActiveCfg = Release|Any CPU
		{BA48FA49-FD8D-4691-AEFB-85C758075FE1}.Release|x86.Build.0 = Release|Any CPU
		{57516E4F-C7AF-4E94-98AC-3E8AB283FA27}.Debug|Any CPU.ActiveCfg = Debug|Any CPU
		{57516E4F-C7AF-4E94-98AC-3E8AB283FA27}.Debug|Any CPU.Build.0 = Debug|Any CPU
		{57516E4F-C7AF-4E94-98AC-3E8AB283FA27}.Debug|x64.ActiveCfg = Debug|Any CPU
		{57516E4F-C7AF-4E94-98AC-3E8AB283FA27}.Debug|x64.Build.0 = Debug|Any CPU
		{57516E4F-C7AF-4E94-98AC-3E8AB283FA27}.Debug|x86.ActiveCfg = Debug|Any CPU
		{57516E4F-C7AF-4E94-98AC-3E8AB283FA27}.Debug|x86.Build.0 = Debug|Any CPU
		{57516E4F-C7AF-4E94-98AC-3E8AB283FA27}.Release|Any CPU.ActiveCfg = Release|Any CPU
		{57516E4F-C7AF-4E94-98AC-3E8AB283FA27}.Release|Any CPU.Build.0 = Release|Any CPU
		{57516E4F-C7AF-4E94-98AC-3E8AB283FA27}.Release|x64.ActiveCfg = Release|Any CPU
		{57516E4F-C7AF-4E94-98AC-3E8AB283FA27}.Release|x64.Build.0 = Release|Any CPU
		{57516E4F-C7AF-4E94-98AC-3E8AB283FA27}.Release|x86.ActiveCfg = Release|Any CPU
		{57516E4F-C7AF-4E94-98AC-3E8AB283FA27}.Release|x86.Build.0 = Release|Any CPU
		{5B69CEA4-E47A-4A8E-8617-C566BAC7BD72}.Debug|Any CPU.ActiveCfg = Debug|Any CPU
		{5B69CEA4-E47A-4A8E-8617-C566BAC7BD72}.Debug|Any CPU.Build.0 = Debug|Any CPU
		{5B69CEA4-E47A-4A8E-8617-C566BAC7BD72}.Debug|x64.ActiveCfg = Debug|Any CPU
		{5B69CEA4-E47A-4A8E-8617-C566BAC7BD72}.Debug|x64.Build.0 = Debug|Any CPU
		{5B69CEA4-E47A-4A8E-8617-C566BAC7BD72}.Debug|x86.ActiveCfg = Debug|Any CPU
		{5B69CEA4-E47A-4A8E-8617-C566BAC7BD72}.Debug|x86.Build.0 = Debug|Any CPU
		{5B69CEA4-E47A-4A8E-8617-C566BAC7BD72}.Release|Any CPU.ActiveCfg = Release|Any CPU
		{5B69CEA4-E47A-4A8E-8617-C566BAC7BD72}.Release|Any CPU.Build.0 = Release|Any CPU
		{5B69CEA4-E47A-4A8E-8617-C566BAC7BD72}.Release|x64.ActiveCfg = Release|Any CPU
		{5B69CEA4-E47A-4A8E-8617-C566BAC7BD72}.Release|x64.Build.0 = Release|Any CPU
		{5B69CEA4-E47A-4A8E-8617-C566BAC7BD72}.Release|x86.ActiveCfg = Release|Any CPU
		{5B69CEA4-E47A-4A8E-8617-C566BAC7BD72}.Release|x86.Build.0 = Release|Any CPU
		{AE2D828F-B489-4D9D-A325-D7619C2FD8E1}.Debug|Any CPU.ActiveCfg = Debug|Any CPU
		{AE2D828F-B489-4D9D-A325-D7619C2FD8E1}.Debug|Any CPU.Build.0 = Debug|Any CPU
		{AE2D828F-B489-4D9D-A325-D7619C2FD8E1}.Debug|x64.ActiveCfg = Debug|Any CPU
		{AE2D828F-B489-4D9D-A325-D7619C2FD8E1}.Debug|x64.Build.0 = Debug|Any CPU
		{AE2D828F-B489-4D9D-A325-D7619C2FD8E1}.Debug|x86.ActiveCfg = Debug|Any CPU
		{AE2D828F-B489-4D9D-A325-D7619C2FD8E1}.Debug|x86.Build.0 = Debug|Any CPU
		{AE2D828F-B489-4D9D-A325-D7619C2FD8E1}.Release|Any CPU.ActiveCfg = Release|Any CPU
		{AE2D828F-B489-4D9D-A325-D7619C2FD8E1}.Release|Any CPU.Build.0 = Release|Any CPU
		{AE2D828F-B489-4D9D-A325-D7619C2FD8E1}.Release|x64.ActiveCfg = Release|Any CPU
		{AE2D828F-B489-4D9D-A325-D7619C2FD8E1}.Release|x64.Build.0 = Release|Any CPU
		{AE2D828F-B489-4D9D-A325-D7619C2FD8E1}.Release|x86.ActiveCfg = Release|Any CPU
		{AE2D828F-B489-4D9D-A325-D7619C2FD8E1}.Release|x86.Build.0 = Release|Any CPU
		{9642EB14-85B3-4B16-85DA-0356A450A556}.Debug|Any CPU.ActiveCfg = Debug|Any CPU
		{9642EB14-85B3-4B16-85DA-0356A450A556}.Debug|Any CPU.Build.0 = Debug|Any CPU
		{9642EB14-85B3-4B16-85DA-0356A450A556}.Debug|x64.ActiveCfg = Debug|Any CPU
		{9642EB14-85B3-4B16-85DA-0356A450A556}.Debug|x64.Build.0 = Debug|Any CPU
		{9642EB14-85B3-4B16-85DA-0356A450A556}.Debug|x86.ActiveCfg = Debug|Any CPU
		{9642EB14-85B3-4B16-85DA-0356A450A556}.Debug|x86.Build.0 = Debug|Any CPU
		{9642EB14-85B3-4B16-85DA-0356A450A556}.Release|Any CPU.ActiveCfg = Release|Any CPU
		{9642EB14-85B3-4B16-85DA-0356A450A556}.Release|Any CPU.Build.0 = Release|Any CPU
		{9642EB14-85B3-4B16-85DA-0356A450A556}.Release|x64.ActiveCfg = Release|Any CPU
		{9642EB14-85B3-4B16-85DA-0356A450A556}.Release|x64.Build.0 = Release|Any CPU
		{9642EB14-85B3-4B16-85DA-0356A450A556}.Release|x86.ActiveCfg = Release|Any CPU
		{9642EB14-85B3-4B16-85DA-0356A450A556}.Release|x86.Build.0 = Release|Any CPU
		{C449A029-6C5E-4E71-A929-799AFC10DF6F}.Debug|Any CPU.ActiveCfg = Debug|Any CPU
		{C449A029-6C5E-4E71-A929-799AFC10DF6F}.Debug|Any CPU.Build.0 = Debug|Any CPU
		{C449A029-6C5E-4E71-A929-799AFC10DF6F}.Debug|x64.ActiveCfg = Debug|Any CPU
		{C449A029-6C5E-4E71-A929-799AFC10DF6F}.Debug|x64.Build.0 = Debug|Any CPU
		{C449A029-6C5E-4E71-A929-799AFC10DF6F}.Debug|x86.ActiveCfg = Debug|Any CPU
		{C449A029-6C5E-4E71-A929-799AFC10DF6F}.Debug|x86.Build.0 = Debug|Any CPU
		{C449A029-6C5E-4E71-A929-799AFC10DF6F}.Release|Any CPU.ActiveCfg = Release|Any CPU
		{C449A029-6C5E-4E71-A929-799AFC10DF6F}.Release|Any CPU.Build.0 = Release|Any CPU
		{C449A029-6C5E-4E71-A929-799AFC10DF6F}.Release|x64.ActiveCfg = Release|Any CPU
		{C449A029-6C5E-4E71-A929-799AFC10DF6F}.Release|x64.Build.0 = Release|Any CPU
		{C449A029-6C5E-4E71-A929-799AFC10DF6F}.Release|x86.ActiveCfg = Release|Any CPU
		{C449A029-6C5E-4E71-A929-799AFC10DF6F}.Release|x86.Build.0 = Release|Any CPU
		{6E2E31D0-CBEA-48E9-9288-2F1E6E215537}.Debug|Any CPU.ActiveCfg = Debug|Any CPU
		{6E2E31D0-CBEA-48E9-9288-2F1E6E215537}.Debug|Any CPU.Build.0 = Debug|Any CPU
		{6E2E31D0-CBEA-48E9-9288-2F1E6E215537}.Debug|x64.ActiveCfg = Debug|Any CPU
		{6E2E31D0-CBEA-48E9-9288-2F1E6E215537}.Debug|x64.Build.0 = Debug|Any CPU
		{6E2E31D0-CBEA-48E9-9288-2F1E6E215537}.Debug|x86.ActiveCfg = Debug|Any CPU
		{6E2E31D0-CBEA-48E9-9288-2F1E6E215537}.Debug|x86.Build.0 = Debug|Any CPU
		{6E2E31D0-CBEA-48E9-9288-2F1E6E215537}.Release|Any CPU.ActiveCfg = Release|Any CPU
		{6E2E31D0-CBEA-48E9-9288-2F1E6E215537}.Release|Any CPU.Build.0 = Release|Any CPU
		{6E2E31D0-CBEA-48E9-9288-2F1E6E215537}.Release|x64.ActiveCfg = Release|Any CPU
		{6E2E31D0-CBEA-48E9-9288-2F1E6E215537}.Release|x64.Build.0 = Release|Any CPU
		{6E2E31D0-CBEA-48E9-9288-2F1E6E215537}.Release|x86.ActiveCfg = Release|Any CPU
		{6E2E31D0-CBEA-48E9-9288-2F1E6E215537}.Release|x86.Build.0 = Release|Any CPU
	EndGlobalSection
	GlobalSection(SolutionProperties) = preSolution
		HideSolutionNode = FALSE
	EndGlobalSection
	GlobalSection(NestedProjects) = preSolution
		{BA48FA49-FD8D-4691-AEFB-85C758075FE1} = {827E0CD3-B72D-47B6-A68D-7590B98EB39B}
		{57516E4F-C7AF-4E94-98AC-3E8AB283FA27} = {827E0CD3-B72D-47B6-A68D-7590B98EB39B}
		{5B69CEA4-E47A-4A8E-8617-C566BAC7BD72} = {827E0CD3-B72D-47B6-A68D-7590B98EB39B}
		{AE2D828F-B489-4D9D-A325-D7619C2FD8E1} = {827E0CD3-B72D-47B6-A68D-7590B98EB39B}
		{9642EB14-85B3-4B16-85DA-0356A450A556} = {827E0CD3-B72D-47B6-A68D-7590B98EB39B}
		{C449A029-6C5E-4E71-A929-799AFC10DF6F} = {827E0CD3-B72D-47B6-A68D-7590B98EB39B}
		{6E2E31D0-CBEA-48E9-9288-2F1E6E215537} = {827E0CD3-B72D-47B6-A68D-7590B98EB39B}
	EndGlobalSection
EndGlobal
